
Microsoft Visual Studio Solution File, Format Version 12.00
# Visual Studio Version 16
VisualStudioVersion = 16.0.29609.76
MinimumVisualStudioVersion = 10.0.40219.1
Project("{9A19103F-16F7-4668-BE54-9A1E7A4F7556}") = "Training", "Training\Training.csproj", "{2B529D7F-C1C3-4448-A546-3216B2CB6DE1}"
EndProject
Project("{2150E333-8FDC-42A3-9474-1A3956D46DE8}") = "Infrastructure", "Infrastructure", "{650A1924-295F-40AF-98C9-C282E91D9B40}"
EndProject
Project("{9A19103F-16F7-4668-BE54-9A1E7A4F7556}") = "Infrastructure.Data", "Infrastructure.Data\Infrastructure.Data.csproj", "{C9C2F00E-1EED-45E4-9D79-7BB89FA4D042}"
EndProject
Global
	GlobalSection(SolutionConfigurationPlatforms) = preSolution
		Debug|Any CPU = Debug|Any CPU
		Release|Any CPU = Release|Any CPU
	EndGlobalSection
	GlobalSection(ProjectConfigurationPlatforms) = postSolution
		{2B529D7F-C1C3-4448-A546-3216B2CB6DE1}.Debug|Any CPU.ActiveCfg = Debug|Any CPU
		{2B529D7F-C1C3-4448-A546-3216B2CB6DE1}.Debug|Any CPU.Build.0 = Debug|Any CPU
		{2B529D7F-C1C3-4448-A546-3216B2CB6DE1}.Release|Any CPU.ActiveCfg = Release|Any CPU
		{2B529D7F-C1C3-4448-A546-3216B2CB6DE1}.Release|Any CPU.Build.0 = Release|Any CPU
		{C9C2F00E-1EED-45E4-9D79-7BB89FA4D042}.Debug|Any CPU.ActiveCfg = Debug|Any CPU
		{C9C2F00E-1EED-45E4-9D79-7BB89FA4D042}.Debug|Any CPU.Build.0 = Debug|Any CPU
		{C9C2F00E-1EED-45E4-9D79-7BB89FA4D042}.Release|Any CPU.ActiveCfg = Release|Any CPU
		{C9C2F00E-1EED-45E4-9D79-7BB89FA4D042}.Release|Any CPU.Build.0 = Release|Any CPU
	EndGlobalSection
	GlobalSection(SolutionProperties) = preSolution
		HideSolutionNode = FALSE
	EndGlobalSection
	GlobalSection(NestedProjects) = preSolution
		{C9C2F00E-1EED-45E4-9D79-7BB89FA4D042} = {650A1924-295F-40AF-98C9-C282E91D9B40}
	EndGlobalSection
	GlobalSection(ExtensibilityGlobals) = postSolution
		SolutionGuid = {89EB25AE-8168-4586-B2A4-C9C3A463E782}
	EndGlobalSection
EndGlobal
